// !$*UTF8*$!
{
	archiveVersion = 1;
	classes = {
	};
	objectVersion = 56;
	objects = {

/* Begin PBXBuildFile section */
		4DFD5CE167FF32536FA9C85F /* Pods_StudentDB.framework in Frameworks */ = {isa = PBXBuildFile; fileRef = DD625F450291D2A02A48C28D /* Pods_StudentDB.framework */; };
		E27771A22A961E530097170F /* StudentModel.swift in Sources */ = {isa = PBXBuildFile; fileRef = E27771A12A961E530097170F /* StudentModel.swift */; };
		E27771A42A961FDB0097170F /* StudentManager.swift in Sources */ = {isa = PBXBuildFile; fileRef = E27771A32A961FDB0097170F /* StudentManager.swift */; };
		E288FAB52A97467E00A1B4F2 /* AddStudentViewController.swift in Sources */ = {isa = PBXBuildFile; fileRef = E288FAB42A97467E00A1B4F2 /* AddStudentViewController.swift */; };
		E288FAB82A9749DA00A1B4F2 /* TableViewCell.swift in Sources */ = {isa = PBXBuildFile; fileRef = E288FAB62A9749DA00A1B4F2 /* TableViewCell.swift */; };
		E288FAB92A9749DA00A1B4F2 /* TableViewCell.xib in Resources */ = {isa = PBXBuildFile; fileRef = E288FAB72A9749DA00A1B4F2 /* TableViewCell.xib */; };
		E2B31B742A95DF620003473B /* AppDelegate.swift in Sources */ = {isa = PBXBuildFile; fileRef = E2B31B732A95DF620003473B /* AppDelegate.swift */; };
		E2B31B762A95DF620003473B /* SceneDelegate.swift in Sources */ = {isa = PBXBuildFile; fileRef = E2B31B752A95DF620003473B /* SceneDelegate.swift */; };
		E2B31B782A95DF620003473B /* StudentListController.swift in Sources */ = {isa = PBXBuildFile; fileRef = E2B31B772A95DF620003473B /* StudentListController.swift */; };
		E2B31B7B2A95DF620003473B /* Main.storyboard in Resources */ = {isa = PBXBuildFile; fileRef = E2B31B792A95DF620003473B /* Main.storyboard */; };
		E2B31B7E2A95DF620003473B /* StudentDB.xcdatamodeld in Sources */ = {isa = PBXBuildFile; fileRef = E2B31B7C2A95DF620003473B /* StudentDB.xcdatamodeld */; };
		E2B31B802A95DF640003473B /* Assets.xcassets in Resources */ = {isa = PBXBuildFile; fileRef = E2B31B7F2A95DF640003473B /* Assets.xcassets */; };
		E2B31B832A95DF640003473B /* LaunchScreen.storyboard in Resources */ = {isa = PBXBuildFile; fileRef = E2B31B812A95DF640003473B /* LaunchScreen.storyboard */; };
		E2C1388A2A976CC8002A46E5 /* AddSubjectController.swift in Sources */ = {isa = PBXBuildFile; fileRef = E2C138892A976CC8002A46E5 /* AddSubjectController.swift */; };
		E2DD41242A9B164D002A977F /* StudentProfileController.swift in Sources */ = {isa = PBXBuildFile; fileRef = E2DD41232A9B164D002A977F /* StudentProfileController.swift */; };
		E2DD41262A9B5224002A977F /* AddStudentModel.swift in Sources */ = {isa = PBXBuildFile; fileRef = E2DD41252A9B5224002A977F /* AddStudentModel.swift */; };
		E2DD41282A9B55F9002A977F /* Constants.swift in Sources */ = {isa = PBXBuildFile; fileRef = E2DD41272A9B55F9002A977F /* Constants.swift */; };
/* End PBXBuildFile section */

/* Begin PBXFileReference section */
		32A95709BFCC93E9429AC72C /* Pods-StudentDB.debug.xcconfig */ = {isa = PBXFileReference; includeInIndex = 1; lastKnownFileType = text.xcconfig; name = "Pods-StudentDB.debug.xcconfig"; path = "Target Support Files/Pods-StudentDB/Pods-StudentDB.debug.xcconfig"; sourceTree = "<group>"; };
		3E75EF98F2F1E50848967D4F /* Pods-StudentDB.release.xcconfig */ = {isa = PBXFileReference; includeInIndex = 1; lastKnownFileType = text.xcconfig; name = "Pods-StudentDB.release.xcconfig"; path = "Target Support Files/Pods-StudentDB/Pods-StudentDB.release.xcconfig"; sourceTree = "<group>"; };
		DD625F450291D2A02A48C28D /* Pods_StudentDB.framework */ = {isa = PBXFileReference; explicitFileType = wrapper.framework; includeInIndex = 0; path = Pods_StudentDB.framework; sourceTree = BUILT_PRODUCTS_DIR; };
		E27771A12A961E530097170F /* StudentModel.swift */ = {isa = PBXFileReference; lastKnownFileType = sourcecode.swift; path = StudentModel.swift; sourceTree = "<group>"; };
		E27771A32A961FDB0097170F /* StudentManager.swift */ = {isa = PBXFileReference; lastKnownFileType = sourcecode.swift; path = StudentManager.swift; sourceTree = "<group>"; };
		E288FAB42A97467E00A1B4F2 /* AddStudentViewController.swift */ = {isa = PBXFileReference; lastKnownFileType = sourcecode.swift; path = AddStudentViewController.swift; sourceTree = "<group>"; };
		E288FAB62A9749DA00A1B4F2 /* TableViewCell.swift */ = {isa = PBXFileReference; lastKnownFileType = sourcecode.swift; path = TableViewCell.swift; sourceTree = "<group>"; };
		E288FAB72A9749DA00A1B4F2 /* TableViewCell.xib */ = {isa = PBXFileReference; lastKnownFileType = file.xib; path = TableViewCell.xib; sourceTree = "<group>"; };
		E2B31B702A95DF620003473B /* StudentDB.app */ = {isa = PBXFileReference; explicitFileType = wrapper.application; includeInIndex = 0; path = StudentDB.app; sourceTree = BUILT_PRODUCTS_DIR; };
		E2B31B732A95DF620003473B /* AppDelegate.swift */ = {isa = PBXFileReference; lastKnownFileType = sourcecode.swift; path = AppDelegate.swift; sourceTree = "<group>"; };
		E2B31B752A95DF620003473B /* SceneDelegate.swift */ = {isa = PBXFileReference; lastKnownFileType = sourcecode.swift; path = SceneDelegate.swift; sourceTree = "<group>"; };
		E2B31B772A95DF620003473B /* StudentListController.swift */ = {isa = PBXFileReference; lastKnownFileType = sourcecode.swift; path = StudentListController.swift; sourceTree = "<group>"; };
		E2B31B7A2A95DF620003473B /* Base */ = {isa = PBXFileReference; lastKnownFileType = file.storyboard; name = Base; path = Base.lproj/Main.storyboard; sourceTree = "<group>"; };
		E2B31B7D2A95DF620003473B /* StudentDB.xcdatamodel */ = {isa = PBXFileReference; lastKnownFileType = wrapper.xcdatamodel; path = StudentDB.xcdatamodel; sourceTree = "<group>"; };
		E2B31B7F2A95DF640003473B /* Assets.xcassets */ = {isa = PBXFileReference; lastKnownFileType = folder.assetcatalog; path = Assets.xcassets; sourceTree = "<group>"; };
		E2B31B822A95DF640003473B /* Base */ = {isa = PBXFileReference; lastKnownFileType = file.storyboard; name = Base; path = Base.lproj/LaunchScreen.storyboard; sourceTree = "<group>"; };
		E2B31B842A95DF640003473B /* Info.plist */ = {isa = PBXFileReference; lastKnownFileType = text.plist.xml; path = Info.plist; sourceTree = "<group>"; };
		E2C138892A976CC8002A46E5 /* AddSubjectController.swift */ = {isa = PBXFileReference; lastKnownFileType = sourcecode.swift; path = AddSubjectController.swift; sourceTree = "<group>"; };
		E2DD41232A9B164D002A977F /* StudentProfileController.swift */ = {isa = PBXFileReference; lastKnownFileType = sourcecode.swift; path = StudentProfileController.swift; sourceTree = "<group>"; };
		E2DD41252A9B5224002A977F /* AddStudentModel.swift */ = {isa = PBXFileReference; lastKnownFileType = sourcecode.swift; path = AddStudentModel.swift; sourceTree = "<group>"; };
		E2DD41272A9B55F9002A977F /* Constants.swift */ = {isa = PBXFileReference; lastKnownFileType = sourcecode.swift; path = Constants.swift; sourceTree = "<group>"; };
/* End PBXFileReference section */

/* Begin PBXFrameworksBuildPhase section */
		E2B31B6D2A95DF620003473B /* Frameworks */ = {
			isa = PBXFrameworksBuildPhase;
			buildActionMask = 2147483647;
			files = (
				4DFD5CE167FF32536FA9C85F /* Pods_StudentDB.framework in Frameworks */,
			);
			runOnlyForDeploymentPostprocessing = 0;
		};
/* End PBXFrameworksBuildPhase section */

/* Begin PBXGroup section */
		9D26E0287F6D2A5AA3CB8F45 /* Frameworks */ = {
			isa = PBXGroup;
			children = (
				DD625F450291D2A02A48C28D /* Pods_StudentDB.framework */,
			);
			name = Frameworks;
			sourceTree = "<group>";
		};
		C45383FC9ED5F5AD7C2D1A3B /* Pods */ = {
			isa = PBXGroup;
			children = (
				32A95709BFCC93E9429AC72C /* Pods-StudentDB.debug.xcconfig */,
				3E75EF98F2F1E50848967D4F /* Pods-StudentDB.release.xcconfig */,
			);
			path = Pods;
			sourceTree = "<group>";
		};
		E27771A02A961E3A0097170F /* Model */ = {
			isa = PBXGroup;
			children = (
				E27771A12A961E530097170F /* StudentModel.swift */,
				E27771A32A961FDB0097170F /* StudentManager.swift */,
				E2DD41252A9B5224002A977F /* AddStudentModel.swift */,
			);
			path = Model;
			sourceTree = "<group>";
		};
		E288FAB32A97324E00A1B4F2 /* Controller */ = {
			isa = PBXGroup;
			children = (
				E2C138892A976CC8002A46E5 /* AddSubjectController.swift */,
				E288FAB42A97467E00A1B4F2 /* AddStudentViewController.swift */,
				E2B31B772A95DF620003473B /* StudentListController.swift */,
				E2DD41232A9B164D002A977F /* StudentProfileController.swift */,
			);
			path = Controller;
			sourceTree = "<group>";
		};
		E2B31B672A95DF620003473B = {
			isa = PBXGroup;
			children = (
				E2B31B722A95DF620003473B /* StudentDB */,
				E2B31B712A95DF620003473B /* Products */,
				C45383FC9ED5F5AD7C2D1A3B /* Pods */,
				9D26E0287F6D2A5AA3CB8F45 /* Frameworks */,
			);
			sourceTree = "<group>";
		};
		E2B31B712A95DF620003473B /* Products */ = {
			isa = PBXGroup;
			children = (
				E2B31B702A95DF620003473B /* StudentDB.app */,
			);
			name = Products;
			sourceTree = "<group>";
		};
		E2B31B722A95DF620003473B /* StudentDB */ = {
			isa = PBXGroup;
			children = (
				E2B31B792A95DF620003473B /* Main.storyboard */,
				E27771A02A961E3A0097170F /* Model */,
				E288FAB32A97324E00A1B4F2 /* Controller */,
				E2B31B732A95DF620003473B /* AppDelegate.swift */,
				E2B31B752A95DF620003473B /* SceneDelegate.swift */,
				E2B31B7F2A95DF640003473B /* Assets.xcassets */,
				E2B31B812A95DF640003473B /* LaunchScreen.storyboard */,
				E2B31B842A95DF640003473B /* Info.plist */,
				E2B31B7C2A95DF620003473B /* StudentDB.xcdatamodeld */,
				E288FAB72A9749DA00A1B4F2 /* TableViewCell.xib */,
				E288FAB62A9749DA00A1B4F2 /* TableViewCell.swift */,
				E2DD41272A9B55F9002A977F /* Constants.swift */,
			);
			path = StudentDB;
			sourceTree = "<group>";
		};
/* End PBXGroup section */

/* Begin PBXNativeTarget section */
		E2B31B6F2A95DF620003473B /* StudentDB */ = {
			isa = PBXNativeTarget;
			buildConfigurationList = E2B31B872A95DF640003473B /* Build configuration list for PBXNativeTarget "StudentDB" */;
			buildPhases = (
				D1280E5EBEF7A08224013640 /* [CP] Check Pods Manifest.lock */,
				E2B31B6C2A95DF620003473B /* Sources */,
				E2B31B6D2A95DF620003473B /* Frameworks */,
				E2B31B6E2A95DF620003473B /* Resources */,
				8D8F578EAEAEB76BCBD94D53 /* [CP] Embed Pods Frameworks */,
			);
			buildRules = (
			);
			dependencies = (
			);
			name = StudentDB;
			productName = StudentDB;
			productReference = E2B31B702A95DF620003473B /* StudentDB.app */;
			productType = "com.apple.product-type.application";
		};
/* End PBXNativeTarget section */

/* Begin PBXProject section */
		E2B31B682A95DF620003473B /* Project object */ = {
			isa = PBXProject;
			attributes = {
				BuildIndependentTargetsInParallel = 1;
				LastSwiftUpdateCheck = 1430;
				LastUpgradeCheck = 1430;
				TargetAttributes = {
					E2B31B6F2A95DF620003473B = {
						CreatedOnToolsVersion = 14.3.1;
					};
				};
			};
			buildConfigurationList = E2B31B6B2A95DF620003473B /* Build configuration list for PBXProject "StudentDB" */;
			compatibilityVersion = "Xcode 14.0";
			developmentRegion = en;
			hasScannedForEncodings = 0;
			knownRegions = (
				en,
				Base,
			);
			mainGroup = E2B31B672A95DF620003473B;
			productRefGroup = E2B31B712A95DF620003473B /* Products */;
			projectDirPath = "";
			projectRoot = "";
			targets = (
				E2B31B6F2A95DF620003473B /* StudentDB */,
			);
		};
/* End PBXProject section */

/* Begin PBXResourcesBuildPhase section */
		E2B31B6E2A95DF620003473B /* Resources */ = {
			isa = PBXResourcesBuildPhase;
			buildActionMask = 2147483647;
			files = (
				E2B31B832A95DF640003473B /* LaunchScreen.storyboard in Resources */,
				E288FAB92A9749DA00A1B4F2 /* TableViewCell.xib in Resources */,
				E2B31B802A95DF640003473B /* Assets.xcassets in Resources */,
				E2B31B7B2A95DF620003473B /* Main.storyboard in Resources */,
			);
			runOnlyForDeploymentPostprocessing = 0;
		};
/* End PBXResourcesBuildPhase section */

/* Begin PBXShellScriptBuildPhase section */
		8D8F578EAEAEB76BCBD94D53 /* [CP] Embed Pods Frameworks */ = {
			isa = PBXShellScriptBuildPhase;
			buildActionMask = 2147483647;
			files = (
			);
			inputFileListPaths = (
				"${PODS_ROOT}/Target Support Files/Pods-StudentDB/Pods-StudentDB-frameworks-${CONFIGURATION}-input-files.xcfilelist",
			);
			name = "[CP] Embed Pods Frameworks";
			outputFileListPaths = (
				"${PODS_ROOT}/Target Support Files/Pods-StudentDB/Pods-StudentDB-frameworks-${CONFIGURATION}-output-files.xcfilelist",
			);
			runOnlyForDeploymentPostprocessing = 0;
			shellPath = /bin/sh;
			shellScript = "\"${PODS_ROOT}/Target Support Files/Pods-StudentDB/Pods-StudentDB-frameworks.sh\"\n";
			showEnvVarsInLog = 0;
		};
		D1280E5EBEF7A08224013640 /* [CP] Check Pods Manifest.lock */ = {
			isa = PBXShellScriptBuildPhase;
			buildActionMask = 2147483647;
			files = (
			);
			inputFileListPaths = (
			);
			inputPaths = (
				"${PODS_PODFILE_DIR_PATH}/Podfile.lock",
				"${PODS_ROOT}/Manifest.lock",
			);
			name = "[CP] Check Pods Manifest.lock";
			outputFileListPaths = (
			);
			outputPaths = (
				"$(DERIVED_FILE_DIR)/Pods-StudentDB-checkManifestLockResult.txt",
			);
			runOnlyForDeploymentPostprocessing = 0;
			shellPath = /bin/sh;
			shellScript = "diff \"${PODS_PODFILE_DIR_PATH}/Podfile.lock\" \"${PODS_ROOT}/Manifest.lock\" > /dev/null\nif [ $? != 0 ] ; then\n    # print error to STDERR\n    echo \"error: The sandbox is not in sync with the Podfile.lock. Run 'pod install' or update your CocoaPods installation.\" >&2\n    exit 1\nfi\n# This output is used by Xcode 'outputs' to avoid re-running this script phase.\necho \"SUCCESS\" > \"${SCRIPT_OUTPUT_FILE_0}\"\n";
			showEnvVarsInLog = 0;
		};
/* End PBXShellScriptBuildPhase section */

/* Begin PBXSourcesBuildPhase section */
		E2B31B6C2A95DF620003473B /* Sources */ = {
			isa = PBXSourcesBuildPhase;
			buildActionMask = 2147483647;
			files = (
				E2DD41262A9B5224002A977F /* AddStudentModel.swift in Sources */,
				E2C1388A2A976CC8002A46E5 /* AddSubjectController.swift in Sources */,
				E2B31B782A95DF620003473B /* StudentListController.swift in Sources */,
				E288FAB82A9749DA00A1B4F2 /* TableViewCell.swift in Sources */,
				E288FAB52A97467E00A1B4F2 /* AddStudentViewController.swift in Sources */,
				E27771A42A961FDB0097170F /* StudentManager.swift in Sources */,
				E2B31B742A95DF620003473B /* AppDelegate.swift in Sources */,
				E2B31B762A95DF620003473B /* SceneDelegate.swift in Sources */,
				E27771A22A961E530097170F /* StudentModel.swift in Sources */,
				E2B31B7E2A95DF620003473B /* StudentDB.xcdatamodeld in Sources */,
				E2DD41242A9B164D002A977F /* StudentProfileController.swift in Sources */,
				E2DD41282A9B55F9002A977F /* Constants.swift in Sources */,
			);
			runOnlyForDeploymentPostprocessing = 0;
		};
/* End PBXSourcesBuildPhase section */

/* Begin PBXVariantGroup section */
		E2B31B792A95DF620003473B /* Main.storyboard */ = {
			isa = PBXVariantGroup;
			children = (
				E2B31B7A2A95DF620003473B /* Base */,
			);
			name = Main.storyboard;
			sourceTree = "<group>";
		};
		E2B31B812A95DF640003473B /* LaunchScreen.storyboard */ = {
			isa = PBXVariantGroup;
			children = (
				E2B31B822A95DF640003473B /* Base */,
			);
			name = LaunchScreen.storyboard;
			sourceTree = "<group>";
		};
/* End PBXVariantGroup section */

/* Begin XCBuildConfiguration section */
		E2B31B852A95DF640003473B /* Debug */ = {
			isa = XCBuildConfiguration;
			buildSettings = {
				ALWAYS_SEARCH_USER_PATHS = NO;
				CLANG_ANALYZER_NONNULL = YES;
				CLANG_ANALYZER_NUMBER_OBJECT_CONVERSION = YES_AGGRESSIVE;
				CLANG_CXX_LANGUAGE_STANDARD = "gnu++20";
				CLANG_ENABLE_MODULES = YES;
				CLANG_ENABLE_OBJC_ARC = YES;
				CLANG_ENABLE_OBJC_WEAK = YES;
				CLANG_WARN_BLOCK_CAPTURE_AUTORELEASING = YES;
				CLANG_WARN_BOOL_CONVERSION = YES;
				CLANG_WARN_COMMA = YES;
				CLANG_WARN_CONSTANT_CONVERSION = YES;
				CLANG_WARN_DEPRECATED_OBJC_IMPLEMENTATIONS = YES;
				CLANG_WARN_DIRECT_OBJC_ISA_USAGE = YES_ERROR;
				CLANG_WARN_DOCUMENTATION_COMMENTS = YES;
				CLANG_WARN_EMPTY_BODY = YES;
				CLANG_WARN_ENUM_CONVERSION = YES;
				CLANG_WARN_INFINITE_RECURSION = YES;
				CLANG_WARN_INT_CONVERSION = YES;
				CLANG_WARN_NON_LITERAL_NULL_CONVERSION = YES;
				CLANG_WARN_OBJC_IMPLICIT_RETAIN_SELF = YES;
				CLANG_WARN_OBJC_LITERAL_CONVERSION = YES;
				CLANG_WARN_OBJC_ROOT_CLASS = YES_ERROR;
				CLANG_WARN_QUOTED_INCLUDE_IN_FRAMEWORK_HEADER = YES;
				CLANG_WARN_RANGE_LOOP_ANALYSIS = YES;
				CLANG_WARN_STRICT_PROTOTYPES = YES;
				CLANG_WARN_SUSPICIOUS_MOVE = YES;
				CLANG_WARN_UNGUARDED_AVAILABILITY = YES_AGGRESSIVE;
				CLANG_WARN_UNREACHABLE_CODE = YES;
				CLANG_WARN__DUPLICATE_METHOD_MATCH = YES;
				COPY_PHASE_STRIP = NO;
				DEBUG_INFORMATION_FORMAT = dwarf;
				ENABLE_STRICT_OBJC_MSGSEND = YES;
				ENABLE_TESTABILITY = YES;
				GCC_C_LANGUAGE_STANDARD = gnu11;
				GCC_DYNAMIC_NO_PIC = NO;
				GCC_NO_COMMON_BLOCKS = YES;
				GCC_OPTIMIZATION_LEVEL = 0;
				GCC_PREPROCESSOR_DEFINITIONS = (
					"DEBUG=1",
					"$(inherited)",
				);
				GCC_WARN_64_TO_32_BIT_CONVERSION = YES;
				GCC_WARN_ABOUT_RETURN_TYPE = YES_ERROR;
				GCC_WARN_UNDECLARED_SELECTOR = YES;
				GCC_WARN_UNINITIALIZED_AUTOS = YES_AGGRESSIVE;
				GCC_WARN_UNUSED_FUNCTION = YES;
				GCC_WARN_UNUSED_VARIABLE = YES;
				IPHONEOS_DEPLOYMENT_TARGET = 16.4;
				MTL_ENABLE_DEBUG_INFO = INCLUDE_SOURCE;
				MTL_FAST_MATH = YES;
				ONLY_ACTIVE_ARCH = YES;
				SDKROOT = iphoneos;
				SWIFT_ACTIVE_COMPILATION_CONDITIONS = DEBUG;
				SWIFT_OPTIMIZATION_LEVEL = "-Onone";
			};
			name = Debug;
		};
		E2B31B862A95DF640003473B /* Release */ = {
			isa = XCBuildConfiguration;
			buildSettings = {
				ALWAYS_SEARCH_USER_PATHS = NO;
				CLANG_ANALYZER_NONNULL = YES;
				CLANG_ANALYZER_NUMBER_OBJECT_CONVERSION = YES_AGGRESSIVE;
				CLANG_CXX_LANGUAGE_STANDARD = "gnu++20";
				CLANG_ENABLE_MODULES = YES;
				CLANG_ENABLE_OBJC_ARC = YES;
				CLANG_ENABLE_OBJC_WEAK = YES;
				CLANG_WARN_BLOCK_CAPTURE_AUTORELEASING = YES;
				CLANG_WARN_BOOL_CONVERSION = YES;
				CLANG_WARN_COMMA = YES;
				CLANG_WARN_CONSTANT_CONVERSION = YES;
				CLANG_WARN_DEPRECATED_OBJC_IMPLEMENTATIONS = YES;
				CLANG_WARN_DIRECT_OBJC_ISA_USAGE = YES_ERROR;
				CLANG_WARN_DOCUMENTATION_COMMENTS = YES;
				CLANG_WARN_EMPTY_BODY = YES;
				CLANG_WARN_ENUM_CONVERSION = YES;
				CLANG_WARN_INFINITE_RECURSION = YES;
				CLANG_WARN_INT_CONVERSION = YES;
				CLANG_WARN_NON_LITERAL_NULL_CONVERSION = YES;
				CLANG_WARN_OBJC_IMPLICIT_RETAIN_SELF = YES;
				CLANG_WARN_OBJC_LITERAL_CONVERSION = YES;
				CLANG_WARN_OBJC_ROOT_CLASS = YES_ERROR;
				CLANG_WARN_QUOTED_INCLUDE_IN_FRAMEWORK_HEADER = YES;
				CLANG_WARN_RANGE_LOOP_ANALYSIS = YES;
				CLANG_WARN_STRICT_PROTOTYPES = YES;
				CLANG_WARN_SUSPICIOUS_MOVE = YES;
				CLANG_WARN_UNGUARDED_AVAILABILITY = YES_AGGRESSIVE;
				CLANG_WARN_UNREACHABLE_CODE = YES;
				CLANG_WARN__DUPLICATE_METHOD_MATCH = YES;
				COPY_PHASE_STRIP = NO;
				DEBUG_INFORMATION_FORMAT = "dwarf-with-dsym";
				ENABLE_NS_ASSERTIONS = NO;
				ENABLE_STRICT_OBJC_MSGSEND = YES;
				GCC_C_LANGUAGE_STANDARD = gnu11;
				GCC_NO_COMMON_BLOCKS = YES;
				GCC_WARN_64_TO_32_BIT_CONVERSION = YES;
				GCC_WARN_ABOUT_RETURN_TYPE = YES_ERROR;
				GCC_WARN_UNDECLARED_SELECTOR = YES;
				GCC_WARN_UNINITIALIZED_AUTOS = YES_AGGRESSIVE;
				GCC_WARN_UNUSED_FUNCTION = YES;
				GCC_WARN_UNUSED_VARIABLE = YES;
				IPHONEOS_DEPLOYMENT_TARGET = 16.4;
				MTL_ENABLE_DEBUG_INFO = NO;
				MTL_FAST_MATH = YES;
				SDKROOT = iphoneos;
				SWIFT_COMPILATION_MODE = wholemodule;
				SWIFT_OPTIMIZATION_LEVEL = "-O";
				VALIDATE_PRODUCT = YES;
			};
			name = Release;
		};
		E2B31B882A95DF640003473B /* Debug */ = {
			isa = XCBuildConfiguration;
			baseConfigurationReference = 32A95709BFCC93E9429AC72C /* Pods-StudentDB.debug.xcconfig */;
			buildSettings = {
				ASSETCATALOG_COMPILER_APPICON_NAME = AppIcon;
				ASSETCATALOG_COMPILER_GLOBAL_ACCENT_COLOR_NAME = AccentColor;
				CODE_SIGN_STYLE = Automatic;
				CURRENT_PROJECT_VERSION = 1;
				DEVELOPMENT_TEAM = 9T59MLF6NH;
				GENERATE_INFOPLIST_FILE = YES;
				INFOPLIST_FILE = StudentDB/Info.plist;
				INFOPLIST_KEY_UIApplicationSupportsIndirectInputEvents = YES;
				INFOPLIST_KEY_UILaunchStoryboardName = LaunchScreen;
				INFOPLIST_KEY_UIMainStoryboardFile = Main;
				INFOPLIST_KEY_UISupportedInterfaceOrientations_iPad = "UIInterfaceOrientationPortrait UIInterfaceOrientationPortraitUpsideDown UIInterfaceOrientationLandscapeLeft UIInterfaceOrientationLandscapeRight";
				INFOPLIST_KEY_UISupportedInterfaceOrientations_iPhone = "UIInterfaceOrientationPortrait UIInterfaceOrientationLandscapeLeft UIInterfaceOrientationLandscapeRight";
				LD_RUNPATH_SEARCH_PATHS = (
					"$(inherited)",
					"@executable_path/Frameworks",
				);
				MARKETING_VERSION = 1.0;
				PRODUCT_BUNDLE_IDENTIFIER = com.sqh.StudentDB;
				PRODUCT_NAME = "$(TARGET_NAME)";
				SWIFT_EMIT_LOC_STRINGS = YES;
				SWIFT_VERSION = 5.0;
				TARGETED_DEVICE_FAMILY = "1,2";
			};
			name = Debug;
		};
		E2B31B892A95DF640003473B /* Release */ = {
			isa = XCBuildConfiguration;
			baseConfigurationReference = 3E75EF98F2F1E50848967D4F /* Pods-StudentDB.release.xcconfig */;
			buildSettings = {
				ASSETCATALOG_COMPILER_APPICON_NAME = AppIcon;
				ASSETCATALOG_COMPILER_GLOBAL_ACCENT_COLOR_NAME = AccentColor;
				CODE_SIGN_STYLE = Automatic;
				CURRENT_PROJECT_VERSION = 1;
				DEVELOPMENT_TEAM = 9T59MLF6NH;
				GENERATE_INFOPLIST_FILE = YES;
				INFOPLIST_FILE = StudentDB/Info.plist;
				INFOPLIST_KEY_UIApplicationSupportsIndirectInputEvents = YES;
				INFOPLIST_KEY_UILaunchStoryboardName = LaunchScreen;
				INFOPLIST_KEY_UIMainStoryboardFile = Main;
				INFOPLIST_KEY_UISupportedInterfaceOrientations_iPad = "UIInterfaceOrientationPortrait UIInterfaceOrientationPortraitUpsideDown UIInterfaceOrientationLandscapeLeft UIInterfaceOrientationLandscapeRight";
				INFOPLIST_KEY_UISupportedInterfaceOrientations_iPhone = "UIInterfaceOrientationPortrait UIInterfaceOrientationLandscapeLeft UIInterfaceOrientationLandscapeRight";
				LD_RUNPATH_SEARCH_PATHS = (
					"$(inherited)",
					"@executable_path/Frameworks",
				);
				MARKETING_VERSION = 1.0;
				PRODUCT_BUNDLE_IDENTIFIER = com.sqh.StudentDB;
				PRODUCT_NAME = "$(TARGET_NAME)";
				SWIFT_EMIT_LOC_STRINGS = YES;
				SWIFT_VERSION = 5.0;
				TARGETED_DEVICE_FAMILY = "1,2";
			};
			name = Release;
		};
/* End XCBuildConfiguration section */

/* Begin XCConfigurationList section */
		E2B31B6B2A95DF620003473B /* Build configuration list for PBXProject "StudentDB" */ = {
			isa = XCConfigurationList;
			buildConfigurations = (
				E2B31B852A95DF640003473B /* Debug */,
				E2B31B862A95DF640003473B /* Release */,
			);
			defaultConfigurationIsVisible = 0;
			defaultConfigurationName = Release;
		};
		E2B31B872A95DF640003473B /* Build configuration list for PBXNativeTarget "StudentDB" */ = {
			isa = XCConfigurationList;
			buildConfigurations = (
				E2B31B882A95DF640003473B /* Debug */,
				E2B31B892A95DF640003473B /* Release */,
			);
			defaultConfigurationIsVisible = 0;
			defaultConfigurationName = Release;
		};
/* End XCConfigurationList section */

/* Begin XCVersionGroup section */
		E2B31B7C2A95DF620003473B /* StudentDB.xcdatamodeld */ = {
			isa = XCVersionGroup;
			children = (
				E2B31B7D2A95DF620003473B /* StudentDB.xcdatamodel */,
			);
			currentVersion = E2B31B7D2A95DF620003473B /* StudentDB.xcdatamodel */;
			path = StudentDB.xcdatamodeld;
			sourceTree = "<group>";
			versionGroupType = wrapper.xcdatamodel;
		};
/* End XCVersionGroup section */
	};
	rootObject = E2B31B682A95DF620003473B /* Project object */;
}
